hash: 3dd5a0ff53239cc3af3f1a50fad4baf156fcd9f648d7284e0e76a287e2bd19d8
updated: 2016-06-09T22:26:38.677158049+09:00
imports:
- name: github.com/go-yaml/yaml
  version: a83829b6f1293c91addabc89d0571c246397bbf4
- name: github.com/jung-kurt/gofpdf
  version: 3cc1ba71da5643706c65aeb1483b021e7385bebe
devImports: []
